// !$*UTF8*$!
{
	archiveVersion = 1;
	classes = {
	};
	objectVersion = 46;
	objects = {

/* Begin PBXBuildFile section */
		011CAC7F780E997338DD1BAB /* Pods_taskapp.framework in Frameworks */ = {isa = PBXBuildFile; fileRef = 4085E1B0CF8AAF1FA0CF223B /* Pods_taskapp.framework */; };
		7E10E3771F75F14E00ED6181 /* AppDelegate.swift in Sources */ = {isa = PBXBuildFile; fileRef = 7E10E3761F75F14E00ED6181 /* AppDelegate.swift */; };
		7E10E3791F75F14E00ED6181 /* ViewController.swift in Sources */ = {isa = PBXBuildFile; fileRef = 7E10E3781F75F14E00ED6181 /* ViewController.swift */; };
		7E10E37C1F75F14E00ED6181 /* Main.storyboard in Resources */ = {isa = PBXBuildFile; fileRef = 7E10E37A1F75F14E00ED6181 /* Main.storyboard */; };
		7E10E37E1F75F14E00ED6181 /* Assets.xcassets in Resources */ = {isa = PBXBuildFile; fileRef = 7E10E37D1F75F14E00ED6181 /* Assets.xcassets */; };
		7E10E3811F75F14E00ED6181 /* LaunchScreen.storyboard in Resources */ = {isa = PBXBuildFile; fileRef = 7E10E37F1F75F14E00ED6181 /* LaunchScreen.storyboard */; };
		7E10E3891F7B229B00ED6181 /* InputViewController.swift in Sources */ = {isa = PBXBuildFile; fileRef = 7E10E3881F7B229B00ED6181 /* InputViewController.swift */; };
		7ED6E4E31F7C6FB900205AF7 /* Task.swift in Sources */ = {isa = PBXBuildFile; fileRef = 7ED6E4E21F7C6FB900205AF7 /* Task.swift */; };
/* End PBXBuildFile section */

/* Begin PBXFileReference section */
		4085E1B0CF8AAF1FA0CF223B /* Pods_taskapp.framework */ = {isa = PBXFileReference; explicitFileType = wrapper.framework; includeInIndex = 0; path = Pods_taskapp.framework; sourceTree = BUILT_PRODUCTS_DIR; };
		7CE823AC7A234F588BE0DEA6 /* Pods-taskapp.debug.xcconfig */ = {isa = PBXFileReference; includeInIndex = 1; lastKnownFileType = text.xcconfig; name = "Pods-taskapp.debug.xcconfig"; path = "Pods/Target Support Files/Pods-taskapp/Pods-taskapp.debug.xcconfig"; sourceTree = "<group>"; };
		7E10E3731F75F14E00ED6181 /* taskapp.app */ = {isa = PBXFileReference; explicitFileType = wrapper.application; includeInIndex = 0; path = taskapp.app; sourceTree = BUILT_PRODUCTS_DIR; };
		7E10E3761F75F14E00ED6181 /* AppDelegate.swift */ = {isa = PBXFileReference; lastKnownFileType = sourcecode.swift; path = AppDelegate.swift; sourceTree = "<group>"; };
		7E10E3781F75F14E00ED6181 /* ViewController.swift */ = {isa = PBXFileReference; lastKnownFileType = sourcecode.swift; path = ViewController.swift; sourceTree = "<group>"; };
		7E10E37B1F75F14E00ED6181 /* Base */ = {isa = PBXFileReference; lastKnownFileType = file.storyboard; name = Base; path = Base.lproj/Main.storyboard; sourceTree = "<group>"; };
		7E10E37D1F75F14E00ED6181 /* Assets.xcassets */ = {isa = PBXFileReference; lastKnownFileType = folder.assetcatalog; path = Assets.xcassets; sourceTree = "<group>"; };
		7E10E3801F75F14E00ED6181 /* Base */ = {isa = PBXFileReference; lastKnownFileType = file.storyboard; name = Base; path = Base.lproj/LaunchScreen.storyboard; sourceTree = "<group>"; };
		7E10E3821F75F14E00ED6181 /* Info.plist */ = {isa = PBXFileReference; lastKnownFileType = text.plist.xml; path = Info.plist; sourceTree = "<group>"; };
		7E10E3881F7B229B00ED6181 /* InputViewController.swift */ = {isa = PBXFileReference; fileEncoding = 4; lastKnownFileType = sourcecode.swift; path = InputViewController.swift; sourceTree = "<group>"; };
		7ED6E4E21F7C6FB900205AF7 /* Task.swift */ = {isa = PBXFileReference; fileEncoding = 4; lastKnownFileType = sourcecode.swift; path = Task.swift; sourceTree = "<group>"; };
		CEA531DCCB3568F7190D8229 /* Pods-taskapp.release.xcconfig */ = {isa = PBXFileReference; includeInIndex = 1; lastKnownFileType = text.xcconfig; name = "Pods-taskapp.release.xcconfig"; path = "Pods/Target Support Files/Pods-taskapp/Pods-taskapp.release.xcconfig"; sourceTree = "<group>"; };
/* End PBXFileReference section */

/* Begin PBXFrameworksBuildPhase section */
		7E10E3701F75F14E00ED6181 /* Frameworks */ = {
			isa = PBXFrameworksBuildPhase;
			buildActionMask = 2147483647;
			files = (
				011CAC7F780E997338DD1BAB /* Pods_taskapp.framework in Frameworks */,
			);
			runOnlyForDeploymentPostprocessing = 0;
		};
/* End PBXFrameworksBuildPhase section */

/* Begin PBXGroup section */
		42820E058BB8AD1A9249782B /* Frameworks */ = {
			isa = PBXGroup;
			children = (
				4085E1B0CF8AAF1FA0CF223B /* Pods_taskapp.framework */,
			);
			name = Frameworks;
			sourceTree = "<group>";
		};
		543B0FB785A50C97A8748C55 /* Pods */ = {
			isa = PBXGroup;
			children = (
				7CE823AC7A234F588BE0DEA6 /* Pods-taskapp.debug.xcconfig */,
				CEA531DCCB3568F7190D8229 /* Pods-taskapp.release.xcconfig */,
			);
			name = Pods;
			sourceTree = "<group>";
		};
		7E10E36A1F75F14E00ED6181 = {
			isa = PBXGroup;
			children = (
				7E10E3751F75F14E00ED6181 /* taskapp */,
				7E10E3741F75F14E00ED6181 /* Products */,
				543B0FB785A50C97A8748C55 /* Pods */,
				42820E058BB8AD1A9249782B /* Frameworks */,
			);
			sourceTree = "<group>";
		};
		7E10E3741F75F14E00ED6181 /* Products */ = {
			isa = PBXGroup;
			children = (
				7E10E3731F75F14E00ED6181 /* taskapp.app */,
			);
			name = Products;
			sourceTree = "<group>";
		};
		7E10E3751F75F14E00ED6181 /* taskapp */ = {
			isa = PBXGroup;
			children = (
				7E10E3761F75F14E00ED6181 /* AppDelegate.swift */,
				7E10E3781F75F14E00ED6181 /* ViewController.swift */,
				7ED6E4E21F7C6FB900205AF7 /* Task.swift */,
				7E10E37A1F75F14E00ED6181 /* Main.storyboard */,
				7E10E3881F7B229B00ED6181 /* InputViewController.swift */,
				7E10E37D1F75F14E00ED6181 /* Assets.xcassets */,
				7E10E37F1F75F14E00ED6181 /* LaunchScreen.storyboard */,
				7E10E3821F75F14E00ED6181 /* Info.plist */,
			);
			path = taskapp;
			sourceTree = "<group>";
		};
/* End PBXGroup section */

/* Begin PBXNativeTarget section */
		7E10E3721F75F14E00ED6181 /* taskapp */ = {
			isa = PBXNativeTarget;
			buildConfigurationList = 7E10E3851F75F14E00ED6181 /* Build configuration list for PBXNativeTarget "taskapp" */;
			buildPhases = (
				5C9FF63937569357E9D1EE3E /* [CP] Check Pods Manifest.lock */,
				7E10E36F1F75F14E00ED6181 /* Sources */,
				7E10E3701F75F14E00ED6181 /* Frameworks */,
				7E10E3711F75F14E00ED6181 /* Resources */,
				EFED40122A94AD7F97B1B82A /* [CP] Embed Pods Frameworks */,
				2AC754047A8DC8C0E619186A /* [CP] Copy Pods Resources */,
			);
			buildRules = (
			);
			dependencies = (
			);
			name = taskapp;
			productName = taskapp;
			productReference = 7E10E3731F75F14E00ED6181 /* taskapp.app */;
			productType = "com.apple.product-type.application";
		};
/* End PBXNativeTarget section */

/* Begin PBXProject section */
		7E10E36B1F75F14E00ED6181 /* Project object */ = {
			isa = PBXProject;
			attributes = {
				LastSwiftUpdateCheck = 0830;
				LastUpgradeCheck = 0830;
				ORGANIZATIONNAME = ratonesshu_kuma_ru;
				TargetAttributes = {
					7E10E3721F75F14E00ED6181 = {
						CreatedOnToolsVersion = 8.3.3;
						DevelopmentTeam = J8J49NYHX4;
						ProvisioningStyle = Automatic;
					};
				};
			};
			buildConfigurationList = 7E10E36E1F75F14E00ED6181 /* Build configuration list for PBXProject "taskapp" */;
			compatibilityVersion = "Xcode 3.2";
			developmentRegion = English;
			hasScannedForEncodings = 0;
			knownRegions = (
				en,
				Base,
			);
			mainGroup = 7E10E36A1F75F14E00ED6181;
			productRefGroup = 7E10E3741F75F14E00ED6181 /* Products */;
			projectDirPath = "";
			projectRoot = "";
			targets = (
				7E10E3721F75F14E00ED6181 /* taskapp */,
			);
		};
/* End PBXProject section */

/* Begin PBXResourcesBuildPhase section */
		7E10E3711F75F14E00ED6181 /* Resources */ = {
			isa = PBXResourcesBuildPhase;
			buildActionMask = 2147483647;
			files = (
				7E10E3811F75F14E00ED6181 /* LaunchScreen.storyboard in Resources */,
				7E10E37E1F75F14E00ED6181 /* Assets.xcassets in Resources */,
				7E10E37C1F75F14E00ED6181 /* Main.storyboard in Resources */,
			);
			runOnlyForDeploymentPostprocessing = 0;
		};
/* End PBXResourcesBuildPhase section */

/* Begin PBXShellScriptBuildPhase section */
		2AC754047A8DC8C0E619186A /* [CP] Copy Pods Resources */ = {
			isa = PBXShellScriptBuildPhase;
			buildActionMask = 2147483647;
			files = (
			);
			inputPaths = (
			);
			name = "[CP] Copy Pods Resources";
			outputPaths = (
			);
			runOnlyForDeploymentPostprocessing = 0;
			shellPath = /bin/sh;
			shellScript = "\"${SRCROOT}/Pods/Target Support Files/Pods-taskapp/Pods-taskapp-resources.sh\"\n";
			showEnvVarsInLog = 0;
		};
		5C9FF63937569357E9D1EE3E /* [CP] Check Pods Manifest.lock */ = {
			isa = PBXShellScriptBuildPhase;
			buildActionMask = 2147483647;
			files = (
			);
			inputPaths = (
			);
			name = "[CP] Check Pods Manifest.lock";
			outputPaths = (
			);
			runOnlyForDeploymentPostprocessing = 0;
			shellPath = /bin/sh;
			shellScript = "diff \"${PODS_ROOT}/../Podfile.lock\" \"${PODS_ROOT}/Manifest.lock\" > /dev/null\nif [ $? != 0 ] ; then\n    # print error to STDERR\n    echo \"error: The sandbox is not in sync with the Podfile.lock. Run 'pod install' or update your CocoaPods installation.\" >&2\n    exit 1\nfi\n";
			showEnvVarsInLog = 0;
		};
		EFED40122A94AD7F97B1B82A /* [CP] Embed Pods Frameworks */ = {
			isa = PBXShellScriptBuildPhase;
			buildActionMask = 2147483647;
			files = (
			);
			inputPaths = (
			);
			name = "[CP] Embed Pods Frameworks";
			outputPaths = (
			);
			runOnlyForDeploymentPostprocessing = 0;
			shellPath = /bin/sh;
			shellScript = "\"${SRCROOT}/Pods/Target Support Files/Pods-taskapp/Pods-taskapp-frameworks.sh\"\n";
			showEnvVarsInLog = 0;
		};
/* End PBXShellScriptBuildPhase section */

/* Begin PBXSourcesBuildPhase section */
		7E10E36F1F75F14E00ED6181 /* Sources */ = {
			isa = PBXSourcesBuildPhase;
			buildActionMask = 2147483647;
			files = (
				7ED6E4E31F7C6FB900205AF7 /* Task.swift in Sources */,
				7E10E3891F7B229B00ED6181 /* InputViewController.swift in Sources */,
				7E10E3791F75F14E00ED6181 /* ViewController.swift in Sources */,
				7E10E3771F75F14E00ED6181 /* AppDelegate.swift in Sources */,
			);
			runOnlyForDeploymentPostprocessing = 0;
		};
/* End PBXSourcesBuildPhase section */

/* Begin PBXVariantGroup section */
		7E10E37A1F75F14E00ED6181 /* Main.storyboard */ = {
			isa = PBXVariantGroup;
			children = (
				7E10E37B1F75F14E00ED6181 /* Base */,
			);
			name = Main.storyboard;
			sourceTree = "<group>";
		};
		7E10E37F1F75F14E00ED6181 /* LaunchScreen.storyboard */ = {
			isa = PBXVariantGroup;
			children = (
				7E10E3801F75F14E00ED6181 /* Base */,
			);
			name = LaunchScreen.storyboard;
			sourceTree = "<group>";
		};
/* End PBXVariantGroup section */

/* Begin XCBuildConfiguration section */
		7E10E3831F75F14E00ED6181 /* Debug */ = {
			isa = XCBuildConfiguration;
			buildSettings = {
				ALWAYS_SEARCH_USER_PATHS = NO;
				CLANG_ANALYZER_NONNULL = YES;
				CLANG_ANALYZER_NUMBER_OBJECT_CONVERSION = YES_AGGRESSIVE;
				CLANG_CXX_LANGUAGE_STANDARD = "gnu++0x";
				CLANG_CXX_LIBRARY = "libc++";
				CLANG_ENABLE_MODULES = YES;
				CLANG_ENABLE_OBJC_ARC = YES;
				CLANG_WARN_BOOL_CONVERSION = YES;
				CLANG_WARN_CONSTANT_CONVERSION = YES;
				CLANG_WARN_DIRECT_OBJC_ISA_USAGE = YES_ERROR;
				CLANG_WARN_DOCUMENTATION_COMMENTS = YES;
				CLANG_WARN_EMPTY_BODY = YES;
				CLANG_WARN_ENUM_CONVERSION = YES;
				CLANG_WARN_INFINITE_RECURSION = YES;
				CLANG_WARN_INT_CONVERSION = YES;
				CLANG_WARN_OBJC_ROOT_CLASS = YES_ERROR;
				CLANG_WARN_SUSPICIOUS_MOVE = YES;
				CLANG_WARN_UNREACHABLE_CODE = YES;
				CLANG_WARN__DUPLICATE_METHOD_MATCH = YES;
				"CODE_SIGN_IDENTITY[sdk=iphoneos*]" = "iPhone Developer";
				COPY_PHASE_STRIP = NO;
				DEBUG_INFORMATION_FORMAT = dwarf;
				ENABLE_STRICT_OBJC_MSGSEND = YES;
				ENABLE_TESTABILITY = YES;
				GCC_C_LANGUAGE_STANDARD = gnu99;
				GCC_DYNAMIC_NO_PIC = NO;
				GCC_NO_COMMON_BLOCKS = YES;
				GCC_OPTIMIZATION_LEVEL = 0;
				GCC_PREPROCESSOR_DEFINITIONS = (
					"DEBUG=1",
					"$(inherited)",
				);
				GCC_WARN_64_TO_32_BIT_CONVERSION = YES;
				GCC_WARN_ABOUT_RETURN_TYPE = YES_ERROR;
				GCC_WARN_UNDECLARED_SELECTOR = YES;
				GCC_WARN_UNINITIALIZED_AUTOS = YES_AGGRESSIVE;
				GCC_WARN_UNUSED_FUNCTION = YES;
				GCC_WARN_UNUSED_VARIABLE = YES;
				IPHONEOS_DEPLOYMENT_TARGET = 10.3;
				MTL_ENABLE_DEBUG_INFO = YES;
				ONLY_ACTIVE_ARCH = YES;
				SDKROOT = iphoneos;
				SWIFT_ACTIVE_COMPILATION_CONDITIONS = DEBUG;
				SWIFT_OPTIMIZATION_LEVEL = "-Onone";
			};
			name = Debug;
		};
		7E10E3841F75F14E00ED6181 /* Release */ = {
			isa = XCBuildConfiguration;
			buildSettings = {
				ALWAYS_SEARCH_USER_PATHS = NO;
				CLANG_ANALYZER_NONNULL = YES;
				CLANG_ANALYZER_NUMBER_OBJECT_CONVERSION = YES_AGGRESSIVE;
				CLANG_CXX_LANGUAGE_STANDARD = "gnu++0x";
				CLANG_CXX_LIBRARY = "libc++";
				CLANG_ENABLE_MODULES = YES;
				CLANG_ENABLE_OBJC_ARC = YES;
				CLANG_WARN_BOOL_CONVERSION = YES;
				CLANG_WARN_CONSTANT_CONVERSION = YES;
				CLANG_WARN_DIRECT_OBJC_ISA_USAGE = YES_ERROR;
				CLANG_WARN_DOCUMENTATION_COMMENTS = YES;
				CLANG_WARN_EMPTY_BODY = YES;
				CLANG_WARN_ENUM_CONVERSION = YES;
				CLANG_WARN_INFINITE_RECURSION = YES;
				CLANG_WARN_INT_CONVERSION = YES;
				CLANG_WARN_OBJC_ROOT_CLASS = YES_ERROR;
				CLANG_WARN_SUSPICIOUS_MOVE = YES;
				CLANG_WARN_UNREACHABLE_CODE = YES;
				CLANG_WARN__DUPLICATE_METHOD_MATCH = YES;
				"CODE_SIGN_IDENTITY[sdk=iphoneos*]" = "iPhone Developer";
				COPY_PHASE_STRIP = NO;
				DEBUG_INFORMATION_FORMAT = "dwarf-with-dsym";
				ENABLE_NS_ASSERTIONS = NO;
				ENABLE_STRICT_OBJC_MSGSEND = YES;
				GCC_C_LANGUAGE_STANDARD = gnu99;
				GCC_NO_COMMON_BLOCKS = YES;
				GCC_WARN_64_TO_32_BIT_CONVERSION = YES;
				GCC_WARN_ABOUT_RETURN_TYPE = YES_ERROR;
				GCC_WARN_UNDECLARED_SELECTOR = YES;
				GCC_WARN_UNINITIALIZED_AUTOS = YES_AGGRESSIVE;
				GCC_WARN_UNUSED_FUNCTION = YES;
				GCC_WARN_UNUSED_VARIABLE = YES;
				IPHONEOS_DEPLOYMENT_TARGET = 10.3;
				MTL_ENABLE_DEBUG_INFO = NO;
				SDKROOT = iphoneos;
				SWIFT_OPTIMIZATION_LEVEL = "-Owholemodule";
				VALIDATE_PRODUCT = YES;
			};
			name = Release;
		};
		7E10E3861F75F14E00ED6181 /* Debug */ = {
			isa = XCBuildConfiguration;
			baseConfigurationReference = 7CE823AC7A234F588BE0DEA6 /* Pods-taskapp.debug.xcconfig */;
			buildSettings = {
				ASSETCATALOG_COMPILER_APPICON_NAME = AppIcon;
				DEVELOPMENT_TEAM = J8J49NYHX4;
				INFOPLIST_FILE = taskapp/Info.plist;
				LD_RUNPATH_SEARCH_PATHS = "$(inherited) @executable_path/Frameworks";
				PRODUCT_BUNDLE_IDENTIFIER = jp.techacademy.rkplus.taskapp;
				PRODUCT_NAME = "$(TARGET_NAME)";
				SWIFT_VERSION = 3.0;
			};
			name = Debug;
		};
		7E10E3871F75F14E00ED6181 /* Release */ = {
			isa = XCBuildConfiguration;
			baseConfigurationReference = CEA531DCCB3568F7190D8229 /* Pods-taskapp.release.xcconfig */;
			buildSettings = {
				ASSETCATALOG_COMPILER_APPICON_NAME = AppIcon;
				DEVELOPMENT_TEAM = J8J49NYHX4;
				INFOPLIST_FILE = taskapp/Info.plist;
				LD_RUNPATH_SEARCH_PATHS = "$(inherited) @executable_path/Frameworks";
				PRODUCT_BUNDLE_IDENTIFIER = jp.techacademy.rkplus.taskapp;
				PRODUCT_NAME = "$(TARGET_NAME)";
				SWIFT_VERSION = 3.0;
			};
			name = Release;
		};
/* End XCBuildConfiguration section */

/* Begin XCConfigurationList section */
		7E10E36E1F75F14E00ED6181 /* Build configuration list for PBXProject "taskapp" */ = {
			isa = XCConfigurationList;
			buildConfigurations = (
				7E10E3831F75F14E00ED6181 /* Debug */,
				7E10E3841F75F14E00ED6181 /* Release */,
			);
			defaultConfigurationIsVisible = 0;
			defaultConfigurationName = Release;
		};
		7E10E3851F75F14E00ED6181 /* Build configuration list for PBXNativeTarget "taskapp" */ = {
			isa = XCConfigurationList;
			buildConfigurations = (
				7E10E3861F75F14E00ED6181 /* Debug */,
				7E10E3871F75F14E00ED6181 /* Release */,
			);
			defaultConfigurationIsVisible = 0;
			defaultConfigurationName = Release;
		};
/* End XCConfigurationList section */
	};
	rootObject = 7E10E36B1F75F14E00ED6181 /* Project object */;
}
